{
  "name": "library-usage",
  "version": "1.0.0",
  "lockfileVersion": 2,
  "requires": true,
  "packages": {
    "": {
      "version": "1.0.0",
      "license": "ISC",
      "dependencies": {
        "@elena-diploma/library": "*"
      }
    },
    "node_modules/@elena-diploma/library": {
      "version": "1.0.2",
      "resolved": "https://npm.pkg.github.com/download/@elena-diploma/library/1.0.2/139512484d90cecee0d5c3536f821818612eaf6ae2cac75109e2f217661f100b",
      "integrity": "sha512-T4U0+8ZEIKOlN5BcWeXeCQHJY56O7a/CatKmZO+I9UGzYipnM0pzNsK8nEeO6n+MHlvFL7nzYkN1xiTpwXUjWQ==",
      "license": "ISC"
    }
  },
  "dependencies": {
    "@elena-diploma/library": {
      "version": "1.0.2",
      "resolved": "https://npm.pkg.github.com/download/@elena-diploma/library/1.0.2/139512484d90cecee0d5c3536f821818612eaf6ae2cac75109e2f217661f100b",
      "integrity": "sha512-T4U0+8ZEIKOlN5BcWeXeCQHJY56O7a/CatKmZO+I9UGzYipnM0pzNsK8nEeO6n+MHlvFL7nzYkN1xiTpwXUjWQ=="
    }
  }
}
